
Microsoft Visual Studio Solution File, Format Version 12.00
# Visual Studio Version 17
VisualStudioVersion = 17.0.32014.148
MinimumVisualStudioVersion = 10.0.40219.1
Project("{9A19103F-16F7-4668-BE54-9A1E7A4F7556}") = "RepositoryPatternUsingUnitOfWork", "RepositoryPatternUsingUnitOfWork.csproj", "{CFA92910-1AAA-428A-A9F8-6E65A2ACA4F6}"
EndProject
Project("{9A19103F-16F7-4668-BE54-9A1E7A4F7556}") = "RepositoryPatternWithUnitOfWork.Core", "..\RepositoryPatternWithUnitOfWork.Core\RepositoryPatternWithUnitOfWork.Core.csproj", "{C119A7B8-BD6A-4D18-A1A0-56D2B1B4E0C6}"
EndProject
Project("{9A19103F-16F7-4668-BE54-9A1E7A4F7556}") = "RepositoryPatternWithUnitOfWork.EF", "..\RepositoryPatternWithUnitOfWork.EF\RepositoryPatternWithUnitOfWork.EF.csproj", "{FA0DBF61-4AA3-4484-A237-6931CB258D99}"
EndProject
Global
	GlobalSection(SolutionConfigurationPlatforms) = preSolution
		Debug|Any CPU = Debug|Any CPU
		Release|Any CPU = Release|Any CPU
	EndGlobalSection
	GlobalSection(ProjectConfigurationPlatforms) = postSolution
		{CFA92910-1AAA-428A-A9F8-6E65A2ACA4F6}.Debug|Any CPU.ActiveCfg = Debug|Any CPU
		{CFA92910-1AAA-428A-A9F8-6E65A2ACA4F6}.Debug|Any CPU.Build.0 = Debug|Any CPU
		{CFA92910-1AAA-428A-A9F8-6E65A2ACA4F6}.Release|Any CPU.ActiveCfg = Release|Any CPU
		{CFA92910-1AAA-428A-A9F8-6E65A2ACA4F6}.Release|Any CPU.Build.0 = Release|Any CPU
		{C119A7B8-BD6A-4D18-A1A0-56D2B1B4E0C6}.Debug|Any CPU.ActiveCfg = Debug|Any CPU
		{C119A7B8-BD6A-4D18-A1A0-56D2B1B4E0C6}.Debug|Any CPU.Build.0 = Debug|Any CPU
		{C119A7B8-BD6A-4D18-A1A0-56D2B1B4E0C6}.Release|Any CPU.ActiveCfg = Release|Any CPU
		{C119A7B8-BD6A-4D18-A1A0-56D2B1B4E0C6}.Release|Any CPU.Build.0 = Release|Any CPU
		{FA0DBF61-4AA3-4484-A237-6931CB258D99}.Debug|Any CPU.ActiveCfg = Debug|Any CPU
		{FA0DBF61-4AA3-4484-A237-6931CB258D99}.Debug|Any CPU.Build.0 = Debug|Any CPU
		{FA0DBF61-4AA3-4484-A237-6931CB258D99}.Release|Any CPU.ActiveCfg = Release|Any CPU
		{FA0DBF61-4AA3-4484-A237-6931CB258D99}.Release|Any CPU.Build.0 = Release|Any CPU
	EndGlobalSection
	GlobalSection(SolutionProperties) = preSolution
		HideSolutionNode = FALSE
	EndGlobalSection
	GlobalSection(ExtensibilityGlobals) = postSolution
		SolutionGuid = {20852879-8585-4AE7-B863-AD10F4EB6823}
	EndGlobalSection
EndGlobal
